// !$*UTF8*$!
{
	archiveVersion = 1;
	classes = {
	};
	objectVersion = 56;
	objects = {

/* Begin PBXBuildFile section */
		930D7C2F2920DFDA00F32683 /* UserRepository.swift in Sources */ = {isa = PBXBuildFile; fileRef = 930D7C2E2920DFDA00F32683 /* UserRepository.swift */; };
		930E4E362931802900071F46 /* BackgroundUpdate.swift in Sources */ = {isa = PBXBuildFile; fileRef = 930E4E352931802900071F46 /* BackgroundUpdate.swift */; };
		93222677291A69BF00AD9343 /* Updates.swift in Sources */ = {isa = PBXBuildFile; fileRef = 93222676291A69BF00AD9343 /* Updates.swift */; };
		9322267A291A6B8F00AD9343 /* UpdatesRowView.swift in Sources */ = {isa = PBXBuildFile; fileRef = 93222679291A6B8F00AD9343 /* UpdatesRowView.swift */; };
		9322267C291A6B9F00AD9343 /* UpdatesDetailView.swift in Sources */ = {isa = PBXBuildFile; fileRef = 9322267B291A6B9F00AD9343 /* UpdatesDetailView.swift */; };
		9342EC672922B35A00C99948 /* FirebaseFirestoreSwift in Frameworks */ = {isa = PBXBuildFile; productRef = 9342EC662922B35A00C99948 /* FirebaseFirestoreSwift */; };
		937A18A92916DD2100A1DACC /* Team15_App_V1App.swift in Sources */ = {isa = PBXBuildFile; fileRef = 937A18A82916DD2100A1DACC /* Team15_App_V1App.swift */; };
		937A18AB2916DD2100A1DACC /* ContentView.swift in Sources */ = {isa = PBXBuildFile; fileRef = 937A18AA2916DD2100A1DACC /* ContentView.swift */; };
		937A18AD2916DD2200A1DACC /* Assets.xcassets in Resources */ = {isa = PBXBuildFile; fileRef = 937A18AC2916DD2200A1DACC /* Assets.xcassets */; };
		937A18B02916DD2200A1DACC /* Preview Assets.xcassets in Resources */ = {isa = PBXBuildFile; fileRef = 937A18AF2916DD2200A1DACC /* Preview Assets.xcassets */; };
		937A18C029171BAF00A1DACC /* BottomBar.swift in Sources */ = {isa = PBXBuildFile; fileRef = 937A18BF29171BAF00A1DACC /* BottomBar.swift */; };
		937A18C229171BBB00A1DACC /* HomeView.swift in Sources */ = {isa = PBXBuildFile; fileRef = 937A18C129171BBB00A1DACC /* HomeView.swift */; };
		937A18C429171BCD00A1DACC /* NewsView.swift in Sources */ = {isa = PBXBuildFile; fileRef = 937A18C329171BCD00A1DACC /* NewsView.swift */; };
		937A18C629171BDC00A1DACC /* ProfileView.swift in Sources */ = {isa = PBXBuildFile; fileRef = 937A18C529171BDC00A1DACC /* ProfileView.swift */; };
		937A18C829171BE700A1DACC /* SearchView.swift in Sources */ = {isa = PBXBuildFile; fileRef = 937A18C729171BE700A1DACC /* SearchView.swift */; };
		937A18CA29171BF500A1DACC /* UpdatesView.swift in Sources */ = {isa = PBXBuildFile; fileRef = 937A18C929171BF500A1DACC /* UpdatesView.swift */; };
		937A18CC291721E400A1DACC /* Landing.swift in Sources */ = {isa = PBXBuildFile; fileRef = 937A18CB291721E400A1DACC /* Landing.swift */; };
		937A18CF2917267500A1DACC /* SignUp.swift in Sources */ = {isa = PBXBuildFile; fileRef = 937A18CE2917267400A1DACC /* SignUp.swift */; };
		937A18D12917267F00A1DACC /* LogIn.swift in Sources */ = {isa = PBXBuildFile; fileRef = 937A18D02917267F00A1DACC /* LogIn.swift */; };
		937A18D329172E0900A1DACC /* User.swift in Sources */ = {isa = PBXBuildFile; fileRef = 937A18D229172E0900A1DACC /* User.swift */; };
		937A18D52917332F00A1DACC /* GoogleService-Info.plist in Resources */ = {isa = PBXBuildFile; fileRef = 937A18D42917332F00A1DACC /* GoogleService-Info.plist */; };
		937A18D82917355900A1DACC /* FirebaseAnalytics in Frameworks */ = {isa = PBXBuildFile; productRef = 937A18D72917355900A1DACC /* FirebaseAnalytics */; };
		937A18DA2917355900A1DACC /* FirebaseAuth in Frameworks */ = {isa = PBXBuildFile; productRef = 937A18D92917355900A1DACC /* FirebaseAuth */; };
		937A18DC2917355900A1DACC /* FirebaseFirestore in Frameworks */ = {isa = PBXBuildFile; productRef = 937A18DB2917355900A1DACC /* FirebaseFirestore */; };
		937A18E029173D9100A1DACC /* LogInController.swift in Sources */ = {isa = PBXBuildFile; fileRef = 937A18DF29173D9000A1DACC /* LogInController.swift */; };
		937A18E229173DA100A1DACC /* SignUpController.swift in Sources */ = {isa = PBXBuildFile; fileRef = 937A18E129173DA100A1DACC /* SignUpController.swift */; };
		937A18E42917482B00A1DACC /* ValidateController.swift in Sources */ = {isa = PBXBuildFile; fileRef = 937A18E32917482B00A1DACC /* ValidateController.swift */; };
		938E421829237FA300F4550B /* Onboarding.swift in Sources */ = {isa = PBXBuildFile; fileRef = 938E421729237FA300F4550B /* Onboarding.swift */; };
		938E421A29237FB900F4550B /* OnboardingTab.swift in Sources */ = {isa = PBXBuildFile; fileRef = 938E421929237FB900F4550B /* OnboardingTab.swift */; };
		93F849772934384F0097E63A /* LaunchScreen.storyboard in Resources */ = {isa = PBXBuildFile; fileRef = 93F849762934384F0097E63A /* LaunchScreen.storyboard */; };
		D46CFEE42918778C002F28CF /* AccountInformationView.swift in Sources */ = {isa = PBXBuildFile; fileRef = D46CFEE32918778C002F28CF /* AccountInformationView.swift */; };
		D46CFEE62918779E002F28CF /* PrivacyView.swift in Sources */ = {isa = PBXBuildFile; fileRef = D46CFEE52918779E002F28CF /* PrivacyView.swift */; };
		D46CFEE8291877BB002F28CF /* NotificationsView.swift in Sources */ = {isa = PBXBuildFile; fileRef = D46CFEE7291877BB002F28CF /* NotificationsView.swift */; };
		D46CFEEA291877CA002F28CF /* InterestsView.swift in Sources */ = {isa = PBXBuildFile; fileRef = D46CFEE9291877CA002F28CF /* InterestsView.swift */; };
		D46CFEEC291877E1002F28CF /* FollowingView.swift in Sources */ = {isa = PBXBuildFile; fileRef = D46CFEEB291877E1002F28CF /* FollowingView.swift */; };
		D46CFEEE2919BBCE002F28CF /* Profile.swift in Sources */ = {isa = PBXBuildFile; fileRef = D46CFEED2919BBCE002F28CF /* Profile.swift */; };
		D46CFEF92919F411002F28CF /* HomeListView.swift in Sources */ = {isa = PBXBuildFile; fileRef = D46CFEF82919F411002F28CF /* HomeListView.swift */; };
		D46CFEFB2919F41D002F28CF /* HomeGalleryView.swift in Sources */ = {isa = PBXBuildFile; fileRef = D46CFEFA2919F41D002F28CF /* HomeGalleryView.swift */; };
/* End PBXBuildFile section */

/* Begin PBXFileReference section */
		930D7C2E2920DFDA00F32683 /* UserRepository.swift */ = {isa = PBXFileReference; lastKnownFileType = sourcecode.swift; path = UserRepository.swift; sourceTree = "<group>"; };
		930E4E3429317FD400071F46 /* Info.plist */ = {isa = PBXFileReference; lastKnownFileType = text.plist; path = Info.plist; sourceTree = "<group>"; };
		930E4E352931802900071F46 /* BackgroundUpdate.swift */ = {isa = PBXFileReference; lastKnownFileType = sourcecode.swift; path = BackgroundUpdate.swift; sourceTree = "<group>"; };
		93222676291A69BF00AD9343 /* Updates.swift */ = {isa = PBXFileReference; lastKnownFileType = sourcecode.swift; path = Updates.swift; sourceTree = "<group>"; };
		93222679291A6B8F00AD9343 /* UpdatesRowView.swift */ = {isa = PBXFileReference; lastKnownFileType = sourcecode.swift; path = UpdatesRowView.swift; sourceTree = "<group>"; };
		9322267B291A6B9F00AD9343 /* UpdatesDetailView.swift */ = {isa = PBXFileReference; lastKnownFileType = sourcecode.swift; path = UpdatesDetailView.swift; sourceTree = "<group>"; };
		937A18A52916DD2100A1DACC /* Team15-App-V1.app */ = {isa = PBXFileReference; explicitFileType = wrapper.application; includeInIndex = 0; path = "Team15-App-V1.app"; sourceTree = BUILT_PRODUCTS_DIR; };
		937A18A82916DD2100A1DACC /* Team15_App_V1App.swift */ = {isa = PBXFileReference; lastKnownFileType = sourcecode.swift; path = Team15_App_V1App.swift; sourceTree = "<group>"; };
		937A18AA2916DD2100A1DACC /* ContentView.swift */ = {isa = PBXFileReference; lastKnownFileType = sourcecode.swift; path = ContentView.swift; sourceTree = "<group>"; };
		937A18AC2916DD2200A1DACC /* Assets.xcassets */ = {isa = PBXFileReference; lastKnownFileType = folder.assetcatalog; path = Assets.xcassets; sourceTree = "<group>"; };
		937A18AF2916DD2200A1DACC /* Preview Assets.xcassets */ = {isa = PBXFileReference; lastKnownFileType = folder.assetcatalog; path = "Preview Assets.xcassets"; sourceTree = "<group>"; };
		937A18BF29171BAF00A1DACC /* BottomBar.swift */ = {isa = PBXFileReference; lastKnownFileType = sourcecode.swift; path = BottomBar.swift; sourceTree = "<group>"; };
		937A18C129171BBB00A1DACC /* HomeView.swift */ = {isa = PBXFileReference; lastKnownFileType = sourcecode.swift; path = HomeView.swift; sourceTree = "<group>"; };
		937A18C329171BCD00A1DACC /* NewsView.swift */ = {isa = PBXFileReference; lastKnownFileType = sourcecode.swift; path = NewsView.swift; sourceTree = "<group>"; };
		937A18C529171BDC00A1DACC /* ProfileView.swift */ = {isa = PBXFileReference; lastKnownFileType = sourcecode.swift; path = ProfileView.swift; sourceTree = "<group>"; };
		937A18C729171BE700A1DACC /* SearchView.swift */ = {isa = PBXFileReference; lastKnownFileType = sourcecode.swift; path = SearchView.swift; sourceTree = "<group>"; };
		937A18C929171BF500A1DACC /* UpdatesView.swift */ = {isa = PBXFileReference; lastKnownFileType = sourcecode.swift; path = UpdatesView.swift; sourceTree = "<group>"; };
		937A18CB291721E400A1DACC /* Landing.swift */ = {isa = PBXFileReference; lastKnownFileType = sourcecode.swift; path = Landing.swift; sourceTree = "<group>"; };
		937A18CE2917267400A1DACC /* SignUp.swift */ = {isa = PBXFileReference; lastKnownFileType = sourcecode.swift; path = SignUp.swift; sourceTree = "<group>"; };
		937A18D02917267F00A1DACC /* LogIn.swift */ = {isa = PBXFileReference; lastKnownFileType = sourcecode.swift; path = LogIn.swift; sourceTree = "<group>"; };
		937A18D229172E0900A1DACC /* User.swift */ = {isa = PBXFileReference; lastKnownFileType = sourcecode.swift; path = User.swift; sourceTree = "<group>"; };
		937A18D42917332F00A1DACC /* GoogleService-Info.plist */ = {isa = PBXFileReference; fileEncoding = 4; lastKnownFileType = text.plist.xml; path = "GoogleService-Info.plist"; sourceTree = "<group>"; };
		937A18DF29173D9000A1DACC /* LogInController.swift */ = {isa = PBXFileReference; lastKnownFileType = sourcecode.swift; path = LogInController.swift; sourceTree = "<group>"; };
		937A18E129173DA100A1DACC /* SignUpController.swift */ = {isa = PBXFileReference; lastKnownFileType = sourcecode.swift; path = SignUpController.swift; sourceTree = "<group>"; };
		937A18E32917482B00A1DACC /* ValidateController.swift */ = {isa = PBXFileReference; lastKnownFileType = sourcecode.swift; path = ValidateController.swift; sourceTree = "<group>"; };
		938E421729237FA300F4550B /* Onboarding.swift */ = {isa = PBXFileReference; lastKnownFileType = sourcecode.swift; path = Onboarding.swift; sourceTree = "<group>"; };
		938E421929237FB900F4550B /* OnboardingTab.swift */ = {isa = PBXFileReference; lastKnownFileType = sourcecode.swift; path = OnboardingTab.swift; sourceTree = "<group>"; };
		93F849762934384F0097E63A /* LaunchScreen.storyboard */ = {isa = PBXFileReference; lastKnownFileType = file.storyboard; path = LaunchScreen.storyboard; sourceTree = "<group>"; };
		D46CFEE32918778C002F28CF /* AccountInformationView.swift */ = {isa = PBXFileReference; lastKnownFileType = sourcecode.swift; path = AccountInformationView.swift; sourceTree = "<group>"; };
		D46CFEE52918779E002F28CF /* PrivacyView.swift */ = {isa = PBXFileReference; lastKnownFileType = sourcecode.swift; path = PrivacyView.swift; sourceTree = "<group>"; };
		D46CFEE7291877BB002F28CF /* NotificationsView.swift */ = {isa = PBXFileReference; lastKnownFileType = sourcecode.swift; path = NotificationsView.swift; sourceTree = "<group>"; };
		D46CFEE9291877CA002F28CF /* InterestsView.swift */ = {isa = PBXFileReference; lastKnownFileType = sourcecode.swift; path = InterestsView.swift; sourceTree = "<group>"; };
		D46CFEEB291877E1002F28CF /* FollowingView.swift */ = {isa = PBXFileReference; lastKnownFileType = sourcecode.swift; path = FollowingView.swift; sourceTree = "<group>"; };
		D46CFEED2919BBCE002F28CF /* Profile.swift */ = {isa = PBXFileReference; lastKnownFileType = sourcecode.swift; path = Profile.swift; sourceTree = "<group>"; };
		D46CFEF82919F411002F28CF /* HomeListView.swift */ = {isa = PBXFileReference; lastKnownFileType = sourcecode.swift; path = HomeListView.swift; sourceTree = "<group>"; };
		D46CFEFA2919F41D002F28CF /* HomeGalleryView.swift */ = {isa = PBXFileReference; lastKnownFileType = sourcecode.swift; path = HomeGalleryView.swift; sourceTree = "<group>"; };
/* End PBXFileReference section */

/* Begin PBXFrameworksBuildPhase section */
		937A18A22916DD2100A1DACC /* Frameworks */ = {
			isa = PBXFrameworksBuildPhase;
			buildActionMask = 2147483647;
			files = (
				937A18D82917355900A1DACC /* FirebaseAnalytics in Frameworks */,
				937A18DA2917355900A1DACC /* FirebaseAuth in Frameworks */,
				937A18DC2917355900A1DACC /* FirebaseFirestore in Frameworks */,
				9342EC672922B35A00C99948 /* FirebaseFirestoreSwift in Frameworks */,
			);
			runOnlyForDeploymentPostprocessing = 0;
		};
/* End PBXFrameworksBuildPhase section */

/* Begin PBXGroup section */
		930D7C2D2920DFB900F32683 /* DataRepositories */ = {
			isa = PBXGroup;
			children = (
				930D7C2E2920DFDA00F32683 /* UserRepository.swift */,
			);
			path = DataRepositories;
			sourceTree = "<group>";
		};
		93222678291A6B7300AD9343 /* Updates */ = {
			isa = PBXGroup;
			children = (
				937A18C929171BF500A1DACC /* UpdatesView.swift */,
				93222679291A6B8F00AD9343 /* UpdatesRowView.swift */,
				9322267B291A6B9F00AD9343 /* UpdatesDetailView.swift */,
			);
			path = Updates;
			sourceTree = "<group>";
		};
		9342EC652922B35A00C99948 /* Frameworks */ = {
			isa = PBXGroup;
			children = (
			);
			name = Frameworks;
			sourceTree = "<group>";
		};
		937A189C2916DD2100A1DACC = {
			isa = PBXGroup;
			children = (
				937A18A72916DD2100A1DACC /* Team15-App-V1 */,
				937A18A62916DD2100A1DACC /* Products */,
				9342EC652922B35A00C99948 /* Frameworks */,
			);
			sourceTree = "<group>";
		};
		937A18A62916DD2100A1DACC /* Products */ = {
			isa = PBXGroup;
			children = (
				937A18A52916DD2100A1DACC /* Team15-App-V1.app */,
			);
			name = Products;
			sourceTree = "<group>";
		};
		937A18A72916DD2100A1DACC /* Team15-App-V1 */ = {
			isa = PBXGroup;
			children = (
				930E4E3429317FD400071F46 /* Info.plist */,
				930D7C2D2920DFB900F32683 /* DataRepositories */,
				937A18D42917332F00A1DACC /* GoogleService-Info.plist */,
				937A18BA2916E05F00A1DACC /* Resources */,
				937A18B92916E05400A1DACC /* ViewModels */,
				937A18B82916E03900A1DACC /* Views */,
				937A18B72916E03300A1DACC /* Models */,
				937A18B62916E02800A1DACC /* Controllers */,
				937A18A82916DD2100A1DACC /* Team15_App_V1App.swift */,
				937A18AC2916DD2200A1DACC /* Assets.xcassets */,
				937A18AE2916DD2200A1DACC /* Preview Content */,
			);
			path = "Team15-App-V1";
			sourceTree = "<group>";
		};
		937A18AE2916DD2200A1DACC /* Preview Content */ = {
			isa = PBXGroup;
			children = (
				937A18AF2916DD2200A1DACC /* Preview Assets.xcassets */,
			);
			path = "Preview Content";
			sourceTree = "<group>";
		};
		937A18B62916E02800A1DACC /* Controllers */ = {
			isa = PBXGroup;
			children = (
				937A18DF29173D9000A1DACC /* LogInController.swift */,
				937A18E129173DA100A1DACC /* SignUpController.swift */,
				937A18E32917482B00A1DACC /* ValidateController.swift */,
			);
			path = Controllers;
			sourceTree = "<group>";
		};
		937A18B72916E03300A1DACC /* Models */ = {
			isa = PBXGroup;
			children = (
				937A18D229172E0900A1DACC /* User.swift */,
				D46CFEED2919BBCE002F28CF /* Profile.swift */,
				93222676291A69BF00AD9343 /* Updates.swift */,
				930E4E352931802900071F46 /* BackgroundUpdate.swift */,
			);
			path = Models;
			sourceTree = "<group>";
		};
		937A18B82916E03900A1DACC /* Views */ = {
			isa = PBXGroup;
			children = (
				93F84975293438350097E63A /* Launch */,
				938E421629237F3900F4550B /* Onboarding */,
				D46CFEF32919F16F002F28CF /* Home */,
				93222678291A6B7300AD9343 /* Updates */,
				D46CFEE229187660002F28CF /* Profile */,
				937A18CD2917263900A1DACC /* SignUp-Login */,
				937A18BF29171BAF00A1DACC /* BottomBar.swift */,
				937A18C329171BCD00A1DACC /* NewsView.swift */,
				937A18C729171BE700A1DACC /* SearchView.swift */,
				937A18AA2916DD2100A1DACC /* ContentView.swift */,
			);
			path = Views;
			sourceTree = "<group>";
		};
		937A18B92916E05400A1DACC /* ViewModels */ = {
			isa = PBXGroup;
			children = (
			);
			path = ViewModels;
			sourceTree = "<group>";
		};
		937A18BA2916E05F00A1DACC /* Resources */ = {
			isa = PBXGroup;
			children = (
			);
			path = Resources;
			sourceTree = "<group>";
		};
		937A18CD2917263900A1DACC /* SignUp-Login */ = {
			isa = PBXGroup;
			children = (
				937A18CB291721E400A1DACC /* Landing.swift */,
				937A18CE2917267400A1DACC /* SignUp.swift */,
				937A18D02917267F00A1DACC /* LogIn.swift */,
			);
			path = "SignUp-Login";
			sourceTree = "<group>";
		};
		938E421629237F3900F4550B /* Onboarding */ = {
			isa = PBXGroup;
			children = (
				938E421729237FA300F4550B /* Onboarding.swift */,
				938E421929237FB900F4550B /* OnboardingTab.swift */,
			);
			path = Onboarding;
			sourceTree = "<group>";
		};
		93F84975293438350097E63A /* Launch */ = {
			isa = PBXGroup;
			children = (
				93F849762934384F0097E63A /* LaunchScreen.storyboard */,
			);
			path = Launch;
			sourceTree = "<group>";
		};
		D46CFEE229187660002F28CF /* Profile */ = {
			isa = PBXGroup;
			children = (
				937A18C529171BDC00A1DACC /* ProfileView.swift */,
				D46CFEE32918778C002F28CF /* AccountInformationView.swift */,
				D46CFEE52918779E002F28CF /* PrivacyView.swift */,
				D46CFEE7291877BB002F28CF /* NotificationsView.swift */,
				D46CFEE9291877CA002F28CF /* InterestsView.swift */,
				D46CFEEB291877E1002F28CF /* FollowingView.swift */,
			);
			path = Profile;
			sourceTree = "<group>";
		};
		D46CFEF32919F16F002F28CF /* Home */ = {
			isa = PBXGroup;
			children = (
				937A18C129171BBB00A1DACC /* HomeView.swift */,
				D46CFEFA2919F41D002F28CF /* HomeGalleryView.swift */,
				D46CFEF82919F411002F28CF /* HomeListView.swift */,
			);
			path = Home;
			sourceTree = "<group>";
		};
/* End PBXGroup section */

/* Begin PBXNativeTarget section */
		937A18A42916DD2100A1DACC /* Team15-App-V1 */ = {
			isa = PBXNativeTarget;
			buildConfigurationList = 937A18B32916DD2200A1DACC /* Build configuration list for PBXNativeTarget "Team15-App-V1" */;
			buildPhases = (
				937A18A12916DD2100A1DACC /* Sources */,
				937A18A22916DD2100A1DACC /* Frameworks */,
				937A18A32916DD2100A1DACC /* Resources */,
			);
			buildRules = (
			);
			dependencies = (
			);
			name = "Team15-App-V1";
			packageProductDependencies = (
				937A18D72917355900A1DACC /* FirebaseAnalytics */,
				937A18D92917355900A1DACC /* FirebaseAuth */,
				937A18DB2917355900A1DACC /* FirebaseFirestore */,
				9342EC662922B35A00C99948 /* FirebaseFirestoreSwift */,
			);
			productName = "Team15-App-V1";
			productReference = 937A18A52916DD2100A1DACC /* Team15-App-V1.app */;
			productType = "com.apple.product-type.application";
		};
/* End PBXNativeTarget section */

/* Begin PBXProject section */
		937A189D2916DD2100A1DACC /* Project object */ = {
			isa = PBXProject;
			attributes = {
				BuildIndependentTargetsInParallel = 1;
				LastSwiftUpdateCheck = 1410;
				LastUpgradeCheck = 1410;
				TargetAttributes = {
					937A18A42916DD2100A1DACC = {
						CreatedOnToolsVersion = 14.1;
					};
				};
			};
			buildConfigurationList = 937A18A02916DD2100A1DACC /* Build configuration list for PBXProject "Team15-App-V1" */;
			compatibilityVersion = "Xcode 14.0";
			developmentRegion = en;
			hasScannedForEncodings = 0;
			knownRegions = (
				en,
				Base,
			);
			mainGroup = 937A189C2916DD2100A1DACC;
			packageReferences = (
				937A18D62917355900A1DACC /* XCRemoteSwiftPackageReference "firebase-ios-sdk" */,
			);
			productRefGroup = 937A18A62916DD2100A1DACC /* Products */;
			projectDirPath = "";
			projectRoot = "";
			targets = (
				937A18A42916DD2100A1DACC /* Team15-App-V1 */,
			);
		};
/* End PBXProject section */

/* Begin PBXResourcesBuildPhase section */
		937A18A32916DD2100A1DACC /* Resources */ = {
			isa = PBXResourcesBuildPhase;
			buildActionMask = 2147483647;
			files = (
				937A18B02916DD2200A1DACC /* Preview Assets.xcassets in Resources */,
				93F849772934384F0097E63A /* LaunchScreen.storyboard in Resources */,
				937A18D52917332F00A1DACC /* GoogleService-Info.plist in Resources */,
				937A18AD2916DD2200A1DACC /* Assets.xcassets in Resources */,
			);
			runOnlyForDeploymentPostprocessing = 0;
		};
/* End PBXResourcesBuildPhase section */

/* Begin PBXSourcesBuildPhase section */
		937A18A12916DD2100A1DACC /* Sources */ = {
			isa = PBXSourcesBuildPhase;
			buildActionMask = 2147483647;
			files = (
				937A18C629171BDC00A1DACC /* ProfileView.swift in Sources */,
				937A18CF2917267500A1DACC /* SignUp.swift in Sources */,
				D46CFEEC291877E1002F28CF /* FollowingView.swift in Sources */,
				937A18C829171BE700A1DACC /* SearchView.swift in Sources */,
				937A18CC291721E400A1DACC /* Landing.swift in Sources */,
				937A18C029171BAF00A1DACC /* BottomBar.swift in Sources */,
				D46CFEE42918778C002F28CF /* AccountInformationView.swift in Sources */,
				D46CFEF92919F411002F28CF /* HomeListView.swift in Sources */,
				9322267A291A6B8F00AD9343 /* UpdatesRowView.swift in Sources */,
				937A18D329172E0900A1DACC /* User.swift in Sources */,
				938E421829237FA300F4550B /* Onboarding.swift in Sources */,
				D46CFEE62918779E002F28CF /* PrivacyView.swift in Sources */,
				930D7C2F2920DFDA00F32683 /* UserRepository.swift in Sources */,
				937A18E029173D9100A1DACC /* LogInController.swift in Sources */,
				D46CFEEE2919BBCE002F28CF /* Profile.swift in Sources */,
				937A18C429171BCD00A1DACC /* NewsView.swift in Sources */,
				938E421A29237FB900F4550B /* OnboardingTab.swift in Sources */,
				937A18C229171BBB00A1DACC /* HomeView.swift in Sources */,
				937A18E229173DA100A1DACC /* SignUpController.swift in Sources */,
				937A18AB2916DD2100A1DACC /* ContentView.swift in Sources */,
				937A18A92916DD2100A1DACC /* Team15_App_V1App.swift in Sources */,
				93222677291A69BF00AD9343 /* Updates.swift in Sources */,
				D46CFEEA291877CA002F28CF /* InterestsView.swift in Sources */,
				937A18CA29171BF500A1DACC /* UpdatesView.swift in Sources */,
				937A18E42917482B00A1DACC /* ValidateController.swift in Sources */,
				937A18D12917267F00A1DACC /* LogIn.swift in Sources */,
				9322267C291A6B9F00AD9343 /* UpdatesDetailView.swift in Sources */,
				D46CFEE8291877BB002F28CF /* NotificationsView.swift in Sources */,
				930E4E362931802900071F46 /* BackgroundUpdate.swift in Sources */,
				D46CFEFB2919F41D002F28CF /* HomeGalleryView.swift in Sources */,
			);
			runOnlyForDeploymentPostprocessing = 0;
		};
/* End PBXSourcesBuildPhase section */

/* Begin XCBuildConfiguration section */
		937A18B12916DD2200A1DACC /* Debug */ = {
			isa = XCBuildConfiguration;
			buildSettings = {
				ALWAYS_SEARCH_USER_PATHS = NO;
				CLANG_ANALYZER_NONNULL = YES;
				CLANG_ANALYZER_NUMBER_OBJECT_CONVERSION = YES_AGGRESSIVE;
				CLANG_CXX_LANGUAGE_STANDARD = "gnu++20";
				CLANG_ENABLE_MODULES = YES;
				CLANG_ENABLE_OBJC_ARC = YES;
				CLANG_ENABLE_OBJC_WEAK = YES;
				CLANG_WARN_BLOCK_CAPTURE_AUTORELEASING = YES;
				CLANG_WARN_BOOL_CONVERSION = YES;
				CLANG_WARN_COMMA = YES;
				CLANG_WARN_CONSTANT_CONVERSION = YES;
				CLANG_WARN_DEPRECATED_OBJC_IMPLEMENTATIONS = YES;
				CLANG_WARN_DIRECT_OBJC_ISA_USAGE = YES_ERROR;
				CLANG_WARN_DOCUMENTATION_COMMENTS = YES;
				CLANG_WARN_EMPTY_BODY = YES;
				CLANG_WARN_ENUM_CONVERSION = YES;
				CLANG_WARN_INFINITE_RECURSION = YES;
				CLANG_WARN_INT_CONVERSION = YES;
				CLANG_WARN_NON_LITERAL_NULL_CONVERSION = YES;
				CLANG_WARN_OBJC_IMPLICIT_RETAIN_SELF = YES;
				CLANG_WARN_OBJC_LITERAL_CONVERSION = YES;
				CLANG_WARN_OBJC_ROOT_CLASS = YES_ERROR;
				CLANG_WARN_QUOTED_INCLUDE_IN_FRAMEWORK_HEADER = YES;
				CLANG_WARN_RANGE_LOOP_ANALYSIS = YES;
				CLANG_WARN_STRICT_PROTOTYPES = YES;
				CLANG_WARN_SUSPICIOUS_MOVE = YES;
				CLANG_WARN_UNGUARDED_AVAILABILITY = YES_AGGRESSIVE;
				CLANG_WARN_UNREACHABLE_CODE = YES;
				CLANG_WARN__DUPLICATE_METHOD_MATCH = YES;
				COPY_PHASE_STRIP = NO;
				DEBUG_INFORMATION_FORMAT = dwarf;
				ENABLE_STRICT_OBJC_MSGSEND = YES;
				ENABLE_TESTABILITY = YES;
				GCC_C_LANGUAGE_STANDARD = gnu11;
				GCC_DYNAMIC_NO_PIC = NO;
				GCC_NO_COMMON_BLOCKS = YES;
				GCC_OPTIMIZATION_LEVEL = 0;
				GCC_PREPROCESSOR_DEFINITIONS = (
					"DEBUG=1",
					"$(inherited)",
				);
				GCC_WARN_64_TO_32_BIT_CONVERSION = YES;
				GCC_WARN_ABOUT_RETURN_TYPE = YES_ERROR;
				GCC_WARN_UNDECLARED_SELECTOR = YES;
				GCC_WARN_UNINITIALIZED_AUTOS = YES_AGGRESSIVE;
				GCC_WARN_UNUSED_FUNCTION = YES;
				GCC_WARN_UNUSED_VARIABLE = YES;
				IPHONEOS_DEPLOYMENT_TARGET = 16.1;
				MTL_ENABLE_DEBUG_INFO = INCLUDE_SOURCE;
				MTL_FAST_MATH = YES;
				ONLY_ACTIVE_ARCH = YES;
				SDKROOT = iphoneos;
				SWIFT_ACTIVE_COMPILATION_CONDITIONS = DEBUG;
				SWIFT_OPTIMIZATION_LEVEL = "-Onone";
			};
			name = Debug;
		};
		937A18B22916DD2200A1DACC /* Release */ = {
			isa = XCBuildConfiguration;
			buildSettings = {
				ALWAYS_SEARCH_USER_PATHS = NO;
				CLANG_ANALYZER_NONNULL = YES;
				CLANG_ANALYZER_NUMBER_OBJECT_CONVERSION = YES_AGGRESSIVE;
				CLANG_CXX_LANGUAGE_STANDARD = "gnu++20";
				CLANG_ENABLE_MODULES = YES;
				CLANG_ENABLE_OBJC_ARC = YES;
				CLANG_ENABLE_OBJC_WEAK = YES;
				CLANG_WARN_BLOCK_CAPTURE_AUTORELEASING = YES;
				CLANG_WARN_BOOL_CONVERSION = YES;
				CLANG_WARN_COMMA = YES;
				CLANG_WARN_CONSTANT_CONVERSION = YES;
				CLANG_WARN_DEPRECATED_OBJC_IMPLEMENTATIONS = YES;
				CLANG_WARN_DIRECT_OBJC_ISA_USAGE = YES_ERROR;
				CLANG_WARN_DOCUMENTATION_COMMENTS = YES;
				CLANG_WARN_EMPTY_BODY = YES;
				CLANG_WARN_ENUM_CONVERSION = YES;
				CLANG_WARN_INFINITE_RECURSION = YES;
				CLANG_WARN_INT_CONVERSION = YES;
				CLANG_WARN_NON_LITERAL_NULL_CONVERSION = YES;
				CLANG_WARN_OBJC_IMPLICIT_RETAIN_SELF = YES;
				CLANG_WARN_OBJC_LITERAL_CONVERSION = YES;
				CLANG_WARN_OBJC_ROOT_CLASS = YES_ERROR;
				CLANG_WARN_QUOTED_INCLUDE_IN_FRAMEWORK_HEADER = YES;
				CLANG_WARN_RANGE_LOOP_ANALYSIS = YES;
				CLANG_WARN_STRICT_PROTOTYPES = YES;
				CLANG_WARN_SUSPICIOUS_MOVE = YES;
				CLANG_WARN_UNGUARDED_AVAILABILITY = YES_AGGRESSIVE;
				CLANG_WARN_UNREACHABLE_CODE = YES;
				CLANG_WARN__DUPLICATE_METHOD_MATCH = YES;
				COPY_PHASE_STRIP = NO;
				DEBUG_INFORMATION_FORMAT = "dwarf-with-dsym";
				ENABLE_NS_ASSERTIONS = NO;
				ENABLE_STRICT_OBJC_MSGSEND = YES;
				GCC_C_LANGUAGE_STANDARD = gnu11;
				GCC_NO_COMMON_BLOCKS = YES;
				GCC_WARN_64_TO_32_BIT_CONVERSION = YES;
				GCC_WARN_ABOUT_RETURN_TYPE = YES_ERROR;
				GCC_WARN_UNDECLARED_SELECTOR = YES;
				GCC_WARN_UNINITIALIZED_AUTOS = YES_AGGRESSIVE;
				GCC_WARN_UNUSED_FUNCTION = YES;
				GCC_WARN_UNUSED_VARIABLE = YES;
				IPHONEOS_DEPLOYMENT_TARGET = 16.1;
				MTL_ENABLE_DEBUG_INFO = NO;
				MTL_FAST_MATH = YES;
				SDKROOT = iphoneos;
				SWIFT_COMPILATION_MODE = wholemodule;
				SWIFT_OPTIMIZATION_LEVEL = "-O";
				VALIDATE_PRODUCT = YES;
			};
			name = Release;
		};
		937A18B42916DD2200A1DACC /* Debug */ = {
			isa = XCBuildConfiguration;
			buildSettings = {
				ASSETCATALOG_COMPILER_APPICON_NAME = AppIcon;
				ASSETCATALOG_COMPILER_GLOBAL_ACCENT_COLOR_NAME = AccentColor;
				CODE_SIGN_STYLE = Automatic;
				CURRENT_PROJECT_VERSION = 1;
				DEVELOPMENT_ASSET_PATHS = "\"Team15-App-V1/Preview Content\"";
				ENABLE_PREVIEWS = YES;
				GENERATE_INFOPLIST_FILE = YES;
				INFOPLIST_FILE = "Team15-App-V1/Info.plist";
				INFOPLIST_KEY_UIApplicationSceneManifest_Generation = YES;
				INFOPLIST_KEY_UIApplicationSupportsIndirectInputEvents = YES;
				INFOPLIST_KEY_UILaunchScreen_Generation = YES;
				INFOPLIST_KEY_UILaunchStoryboardName = LaunchScreen.storyboard;
				INFOPLIST_KEY_UISupportedInterfaceOrientations = UIInterfaceOrientationPortrait;
				INFOPLIST_KEY_UISupportedInterfaceOrientations_iPad = "UIInterfaceOrientationPortrait UIInterfaceOrientationPortraitUpsideDown";
				LD_RUNPATH_SEARCH_PATHS = (
					"$(inherited)",
					"@executable_path/Frameworks",
				);
				MARKETING_VERSION = 1.0;
				PRODUCT_BUNDLE_IDENTIFIER = "com.Team15-App-V1";
				PRODUCT_NAME = "$(TARGET_NAME)";
				SWIFT_EMIT_LOC_STRINGS = YES;
				SWIFT_VERSION = 5.0;
				TARGETED_DEVICE_FAMILY = "1,2";
			};
			name = Debug;
		};
		937A18B52916DD2200A1DACC /* Release */ = {
			isa = XCBuildConfiguration;
			buildSettings = {
				ASSETCATALOG_COMPILER_APPICON_NAME = AppIcon;
				ASSETCATALOG_COMPILER_GLOBAL_ACCENT_COLOR_NAME = AccentColor;
				CODE_SIGN_STYLE = Automatic;
				CURRENT_PROJECT_VERSION = 1;
				DEVELOPMENT_ASSET_PATHS = "\"Team15-App-V1/Preview Content\"";
				ENABLE_PREVIEWS = YES;
				GENERATE_INFOPLIST_FILE = YES;
				INFOPLIST_FILE = "Team15-App-V1/Info.plist";
				INFOPLIST_KEY_UIApplicationSceneManifest_Generation = YES;
				INFOPLIST_KEY_UIApplicationSupportsIndirectInputEvents = YES;
				INFOPLIST_KEY_UILaunchScreen_Generation = YES;
				INFOPLIST_KEY_UILaunchStoryboardName = LaunchScreen.storyboard;
				INFOPLIST_KEY_UISupportedInterfaceOrientations = UIInterfaceOrientationPortrait;
				INFOPLIST_KEY_UISupportedInterfaceOrientations_iPad = "UIInterfaceOrientationPortrait UIInterfaceOrientationPortraitUpsideDown";
				LD_RUNPATH_SEARCH_PATHS = (
					"$(inherited)",
					"@executable_path/Frameworks",
				);
				MARKETING_VERSION = 1.0;
				PRODUCT_BUNDLE_IDENTIFIER = "com.Team15-App-V1";
				PRODUCT_NAME = "$(TARGET_NAME)";
				SWIFT_EMIT_LOC_STRINGS = YES;
				SWIFT_VERSION = 5.0;
				TARGETED_DEVICE_FAMILY = "1,2";
			};
			name = Release;
		};
/* End XCBuildConfiguration section */

/* Begin XCConfigurationList section */
		937A18A02916DD2100A1DACC /* Build configuration list for PBXProject "Team15-App-V1" */ = {
			isa = XCConfigurationList;
			buildConfigurations = (
				937A18B12916DD2200A1DACC /* Debug */,
				937A18B22916DD2200A1DACC /* Release */,
			);
			defaultConfigurationIsVisible = 0;
			defaultConfigurationName = Release;
		};
		937A18B32916DD2200A1DACC /* Build configuration list for PBXNativeTarget "Team15-App-V1" */ = {
			isa = XCConfigurationList;
			buildConfigurations = (
				937A18B42916DD2200A1DACC /* Debug */,
				937A18B52916DD2200A1DACC /* Release */,
			);
			defaultConfigurationIsVisible = 0;
			defaultConfigurationName = Release;
		};
/* End XCConfigurationList section */

/* Begin XCRemoteSwiftPackageReference section */
		937A18D62917355900A1DACC /* XCRemoteSwiftPackageReference "firebase-ios-sdk" */ = {
			isa = XCRemoteSwiftPackageReference;
			repositoryURL = "https://github.com/firebase/firebase-ios-sdk.git";
			requirement = {
				branch = master;
				kind = branch;
			};
		};
/* End XCRemoteSwiftPackageReference section */

/* Begin XCSwiftPackageProductDependency section */
		9342EC662922B35A00C99948 /* FirebaseFirestoreSwift */ = {
			isa = XCSwiftPackageProductDependency;
			package = 937A18D62917355900A1DACC /* XCRemoteSwiftPackageReference "firebase-ios-sdk" */;
			productName = FirebaseFirestoreSwift;
		};
		937A18D72917355900A1DACC /* FirebaseAnalytics */ = {
			isa = XCSwiftPackageProductDependency;
			package = 937A18D62917355900A1DACC /* XCRemoteSwiftPackageReference "firebase-ios-sdk" */;
			productName = FirebaseAnalytics;
		};
		937A18D92917355900A1DACC /* FirebaseAuth */ = {
			isa = XCSwiftPackageProductDependency;
			package = 937A18D62917355900A1DACC /* XCRemoteSwiftPackageReference "firebase-ios-sdk" */;
			productName = FirebaseAuth;
		};
		937A18DB2917355900A1DACC /* FirebaseFirestore */ = {
			isa = XCSwiftPackageProductDependency;
			package = 937A18D62917355900A1DACC /* XCRemoteSwiftPackageReference "firebase-ios-sdk" */;
			productName = FirebaseFirestore;
		};
/* End XCSwiftPackageProductDependency section */
	};
	rootObject = 937A189D2916DD2100A1DACC /* Project object */;
}
